github.com/BurntSushi/toml v0.3.1 h1:WXkYYl6Yr3qBf1K79EBnL4mak0OimBfB0XUf9Vl28OQ=
github.com/BurntSushi/toml v0.3.1/go.mod h1:xHWCNGjB5oqiDr8zfno3MHue2Ht5sIBksp03qcyfWMU=
github.com/FactomProject/btcutil v0.0.0-20160826074221-43986820ccd5 h1:cysv7OcQYt+P7IH1ZQAE1akzlwm+EXvxG6/0jYlJIE4=
github.com/FactomProject/btcutil v0.0.0-20160826074221-43986820ccd5/go.mod h1:vneMtVKjkLz6PtiXS/HB0UJXAF77wndeJwZiqaVrN84=
github.com/FactomProject/ed25519 v0.0.0-20150814230546-38002c4fe7b6 h1:e2tpL8IfImGBR8qODlnb/hnwPhS4wWzoOUKoFrA3RFQ=
github.com/FactomProject/ed25519 v0.0.0-20150814230546-38002c4fe7b6/go.mod h1:x54uxtF9AnHAvx2kRoIxKYLuUV+bRjUQ6u/3FhfmO5g=
github.com/FactomProject/factom v0.0.0-20160324204925-56e389d115c0 h1:sXwfTPDhomCEg8gJlbwW8wIpQEDYj4tNLifpg0whxNI=
github.com/FactomProject/factom v0.0.0-20160324204925-56e389d115c0/go.mod h1:V1V8mWqOI72JBpGj/aPQZEmhDepdykxyhVRH5GxbP4E=
github.com/FactomProject/factom v0.3.5 h1:uctL4QSVLhjyPux4YUPnGd+bxRES2iuIWX25PdWNAD0=
github.com/FactomProject/factom v0.3.5/go.mod h1:V1V8mWqOI72JBpGj/aPQZEmhDepdykxyhVRH5GxbP4E=
github.com/codegangsta/cli v1.20.0 h1:iX1FXEgwzd5+XN6wk5cVHOGQj6Q3Dcp20lUeS4lHNTw=
github.com/codegangsta/cli v1.20.0/go.mod h1:/qJNoX69yVSKu5o4jLyXAENLRyk1uhi7zkbQ3slBdOA=
github.com/dustin/go-humanize v1.0.0 h1:VSnTsYCnlFHaM2/igO1h6X3HA71jcobQuxemgkq4zYo=
github.com/dustin/go-humanize v1.0.0/go.mod h1:HtrtbFcZ19U5GC7JDqmcUSB87Iq5E25KnS6fMYU6eOk=
github.com/ghodss/yaml v1.0.0 h1:wQHKEahhL6wmXdzwWG11gIVCkOv05bNOh+Rxn0yngAk=
github.com/ghodss/yaml v1.0.0/go.mod h1:4dBDuWmgqj2HViK6kFavaiC9ZROes6MMH2rRYeMEF04=
github.com/go-ini/ini v1.44.0 h1:8+SRbfpRFlIunpSum4BEf1ClTtVjOgKzgBv9pHFkI6w=
github.com/go-ini/ini v1.44.0/go.mod h1:ByCAeIL28uOIIG0E3PJtZPDL8WnHpFKFOtgjp+3Ies8=
github.com/pegnet/LXR256 v0.0.0-20190721001507-5e925f415fa2 h1:yL8HXUmok0r8lBmHoe6gXbQS77CsVImOtS8/Khpyu+Y=
github.com/pegnet/LXR256 v0.0.0-20190721001507-5e925f415fa2/go.mod h1:11Z6s/PoxMH3ON6Kh+2MxNFdaq9op2sgvIAqg52d/3I=
github.com/pegnet/OracleRecord v0.0.2 h1:iZJBUQw50y7Z9MucxgMLMgAJTbZTLYLU6uDqEYirLSk=
github.com/pegnet/OracleRecord v0.0.2/go.mod h1:VrY7Shn4oSCli47CsUYBFjH68IenGYtnLaXaaivepu4=
github.com/pegnet/pegnet v0.0.2 h1:2PkWhB7HhRz9HWCwW4OsTeg5/xobvtonjnU/8ILod9s=
github.com/pegnet/pegnet v0.0.2/go.mod h1:FUyEs8fyLOzPXZgyqXcqiOhQi58loNtujykIbxxoKbQ=
github.com/zpatrick/go-config v0.0.0-20190509173111-460869022dbd h1:bsSuySuIt8skjkeqnMk+/fmSa7GrSljzfqiqW+b4Svs=
github.com/zpatrick/go-config v0.0.0-20190509173111-460869022dbd/go.mod h1:N7O1arBXMtrvgkF3kTwZdytK4gsAf13kfqv9Z6vk47Q=
gopkg.in/check.v1 v0.0.0-20161208181325-20d25e280405/go.mod h1:Co6ibVJAznAaIkqp8huTwlJQCZ016jof/cbN4VW5Yz0=
gopkg.in/yaml.v2 v2.2.2 h1:ZCJp+EgiOT7lHqUV2J862kp8Qj64Jo6az82+3Td9dZw=
gopkg.in/yaml.v2 v2.2.2/go.mod h1:hI93XBmqTisBFMUTm0b8Fm+jr3Dg1NNxqwp+5A1VGuI=
